
Microsoft Visual Studio Solution File, Format Version 12.00
# Visual Studio Version 17
VisualStudioVersion = 17.8.34316.72
MinimumVisualStudioVersion = 10.0.40219.1
Project("{FAE04EC0-301F-11D3-BF4B-00C04F79EFBC}") = "EksikSayi", "EksikSayi\EksikSayi.csproj", "{E2BB9925-B3E6-4BB7-B7B8-B6C70B907F1B}"
EndProject
Global
	GlobalSection(SolutionConfigurationPlatforms) = preSolution
		Debug|Any CPU = Debug|Any CPU
		Release|Any CPU = Release|Any CPU
	EndGlobalSection
	GlobalSection(ProjectConfigurationPlatforms) = postSolution
		{E2BB9925-B3E6-4BB7-B7B8-B6C70B907F1B}.Debug|Any CPU.ActiveCfg = Debug|Any CPU
		{E2BB9925-B3E6-4BB7-B7B8-B6C70B907F1B}.Debug|Any CPU.Build.0 = Debug|Any CPU
		{E2BB9925-B3E6-4BB7-B7B8-B6C70B907F1B}.Release|Any CPU.ActiveCfg = Release|Any CPU
		{E2BB9925-B3E6-4BB7-B7B8-B6C70B907F1B}.Release|Any CPU.Build.0 = Release|Any CPU
	EndGlobalSection
	GlobalSection(SolutionProperties) = preSolution
		HideSolutionNode = FALSE
	EndGlobalSection
	GlobalSection(ExtensibilityGlobals) = postSolution
		SolutionGuid = {6586A519-1411-4A85-A432-EE73930C9E4C}
	EndGlobalSection
EndGlobal
